// !$*UTF8*$!
{
	archiveVersion = 1;
	classes = {
	};
	objectVersion = 77;
	objects = {

/* Begin PBXBuildFile section */
		6F1D2A362FCD000100000001 /* NexusDomain in Frameworks */ = {isa = PBXBuildFile; productRef = 6F1D2A382FCD000100000001 /* NexusDomain */; };
		6F1D2A3B2FCD000100000001 /* NexusIPC in Frameworks */ = {isa = PBXBuildFile; productRef = 6F1D2A3C2FCD000100000001 /* NexusIPC */; };
		6F1D2A3D2FCD000100000001 /* NexusService in Frameworks */ = {isa = PBXBuildFile; productRef = 6F1D2A3E2FCD000100000001 /* NexusService */; };
		6F1D2A702FCD000100000001 /* NexusSessionPresentation in Frameworks */ = {isa = PBXBuildFile; productRef = 6F1D2A712FCD000100000001 /* NexusSessionPresentation */; };
/* End PBXBuildFile section */

/* Begin PBXContainerItemProxy section */
		430B8E552FBB7EE4008606CB /* PBXContainerItemProxy */ = {
			isa = PBXContainerItemProxy;
			containerPortal = 430B8E3B2FBB7EE3008606CB /* Project object */;
			proxyType = 1;
			remoteGlobalIDString = 430B8E422FBB7EE3008606CB;
			remoteInfo = nexus;
		};
		430B8E5F2FBB7EE4008606CB /* PBXContainerItemProxy */ = {
			isa = PBXContainerItemProxy;
			containerPortal = 430B8E3B2FBB7EE3008606CB /* Project object */;
			proxyType = 1;
			remoteGlobalIDString = 430B8E422FBB7EE3008606CB;
			remoteInfo = nexus;
		};
/* End PBXContainerItemProxy section */

/* Begin PBXFileReference section */
		430B8E432FBB7EE3008606CB /* nexus.app */ = {isa = PBXFileReference; explicitFileType = wrapper.application; includeInIndex = 0; path = nexus.app; sourceTree = BUILT_PRODUCTS_DIR; };
		430B8E542FBB7EE4008606CB /* nexusTests.xctest */ = {isa = PBXFileReference; explicitFileType = wrapper.cfbundle; includeInIndex = 0; path = nexusTests.xctest; sourceTree = BUILT_PRODUCTS_DIR; };
		430B8E5E2FBB7EE4008606CB /* nexusUITests.xctest */ = {isa = PBXFileReference; explicitFileType = wrapper.cfbundle; includeInIndex = 0; path = nexusUITests.xctest; sourceTree = BUILT_PRODUCTS_DIR; };
/* End PBXFileReference section */

/* Begin PBXFileSystemSynchronizedBuildFileExceptionSet section */
		430B8E662FBB7EE4008606CB /* Exceptions for "nexus" folder in "nexus" target */ = {
			isa = PBXFileSystemSynchronizedBuildFileExceptionSet;
			membershipExceptions = (
				Info.plist,
			);
			target = 430B8E422FBB7EE3008606CB /* nexus */;
		};
/* End PBXFileSystemSynchronizedBuildFileExceptionSet section */

/* Begin PBXFileSystemSynchronizedRootGroup section */
		430B8E452FBB7EE3008606CB /* nexus */ = {
			isa = PBXFileSystemSynchronizedRootGroup;
			exceptions = (
				430B8E662FBB7EE4008606CB /* Exceptions for "nexus" folder in "nexus" target */,
			);
			path = nexus;
			sourceTree = "<group>";
		};
		430B8E572FBB7EE4008606CB /* nexusTests */ = {
			isa = PBXFileSystemSynchronizedRootGroup;
			path = nexusTests;
			sourceTree = "<group>";
		};
		430B8E612FBB7EE4008606CB /* nexusUITests */ = {
			isa = PBXFileSystemSynchronizedRootGroup;
			path = nexusUITests;
			sourceTree = "<group>";
		};
/* End PBXFileSystemSynchronizedRootGroup section */

/* Begin PBXFrameworksBuildPhase section */
		430B8E402FBB7EE3008606CB /* Frameworks */ = {
			isa = PBXFrameworksBuildPhase;
			buildActionMask = 2147483647;
			files = (
				6F1D2A362FCD000100000001 /* NexusDomain in Frameworks */,
				6F1D2A3B2FCD000100000001 /* NexusIPC in Frameworks */,
				6F1D2A3D2FCD000100000001 /* NexusService in Frameworks */,
				6F1D2A702FCD000100000001 /* NexusSessionPresentation in Frameworks */,
			);
			runOnlyForDeploymentPostprocessing = 0;
		};
		430B8E512FBB7EE4008606CB /* Frameworks */ = {
			isa = PBXFrameworksBuildPhase;
			buildActionMask = 2147483647;
			files = (
			);
			runOnlyForDeploymentPostprocessing = 0;
		};
		430B8E5B2FBB7EE4008606CB /* Frameworks */ = {
			isa = PBXFrameworksBuildPhase;
			buildActionMask = 2147483647;
			files = (
			);
			runOnlyForDeploymentPostprocessing = 0;
		};
/* End PBXFrameworksBuildPhase section */

/* Begin PBXGroup section */
		430B8E3A2FBB7EE3008606CB = {
			isa = PBXGroup;
			children = (
				430B8E452FBB7EE3008606CB /* nexus */,
				430B8E572FBB7EE4008606CB /* nexusTests */,
				430B8E612FBB7EE4008606CB /* nexusUITests */,
				430B8E442FBB7EE3008606CB /* Products */,
			);
			sourceTree = "<group>";
		};
		430B8E442FBB7EE3008606CB /* Products */ = {
			isa = PBXGroup;
			children = (
				430B8E432FBB7EE3008606CB /* nexus.app */,
				430B8E542FBB7EE4008606CB /* nexusTests.xctest */,
				430B8E5E2FBB7EE4008606CB /* nexusUITests.xctest */,
			);
			name = Products;
			sourceTree = "<group>";
		};
/* End PBXGroup section */

/* Begin PBXNativeTarget section */
		430B8E422FBB7EE3008606CB /* nexus */ = {
			isa = PBXNativeTarget;
			buildConfigurationList = 430B8E672FBB7EE4008606CB /* Build configuration list for PBXNativeTarget "nexus" */;
			buildPhases = (
				430B8E3F2FBB7EE3008606CB /* Sources */,
				430B8E402FBB7EE3008606CB /* Frameworks */,
				430B8E412FBB7EE3008606CB /* Resources */,
			);
			buildRules = (
			);
			dependencies = (
			);
			fileSystemSynchronizedGroups = (
				430B8E452FBB7EE3008606CB /* nexus */,
			);
			name = nexus;
			packageProductDependencies = (
				6F1D2A382FCD000100000001 /* NexusDomain */,
				6F1D2A3C2FCD000100000001 /* NexusIPC */,
				6F1D2A3E2FCD000100000001 /* NexusService */,
				6F1D2A712FCD000100000001 /* NexusSessionPresentation */,
			);
			productName = nexus;
			productReference = 430B8E432FBB7EE3008606CB /* nexus.app */;
			productType = "com.apple.product-type.application";
		};
		430B8E532FBB7EE4008606CB /* nexusTests */ = {
			isa = PBXNativeTarget;
			buildConfigurationList = 430B8E6C2FBB7EE4008606CB /* Build configuration list for PBXNativeTarget "nexusTests" */;
			buildPhases = (
				430B8E502FBB7EE4008606CB /* Sources */,
				430B8E512FBB7EE4008606CB /* Frameworks */,
				430B8E522FBB7EE4008606CB /* Resources */,
			);
			buildRules = (
			);
			dependencies = (
				430B8E562FBB7EE4008606CB /* PBXTargetDependency */,
			);
			fileSystemSynchronizedGroups = (
				430B8E572FBB7EE4008606CB /* nexusTests */,
			);
			name = nexusTests;
			packageProductDependencies = (
			);
			productName = nexusTests;
			productReference = 430B8E542FBB7EE4008606CB /* nexusTests.xctest */;
			productType = "com.apple.product-type.bundle.unit-test";
		};
		430B8E5D2FBB7EE4008606CB /* nexusUITests */ = {
			isa = PBXNativeTarget;
			buildConfigurationList = 430B8E6F2FBB7EE4008606CB /* Build configuration list for PBXNativeTarget "nexusUITests" */;
			buildPhases = (
				430B8E5A2FBB7EE4008606CB /* Sources */,
				430B8E5B2FBB7EE4008606CB /* Frameworks */,
				430B8E5C2FBB7EE4008606CB /* Resources */,
			);
			buildRules = (
			);
			dependencies = (
				430B8E602FBB7EE4008606CB /* PBXTargetDependency */,
			);
			fileSystemSynchronizedGroups = (
				430B8E612FBB7EE4008606CB /* nexusUITests */,
			);
			name = nexusUITests;
			packageProductDependencies = (
			);
			productName = nexusUITests;
			productReference = 430B8E5E2FBB7EE4008606CB /* nexusUITests.xctest */;
			productType = "com.apple.product-type.bundle.ui-testing";
		};
/* End PBXNativeTarget section */

/* Begin PBXProject section */
		430B8E3B2FBB7EE3008606CB /* Project object */ = {
			isa = PBXProject;
			attributes = {
				BuildIndependentTargetsInParallel = 1;
				LastSwiftUpdateCheck = 2650;
				LastUpgradeCheck = 2650;
				TargetAttributes = {
					430B8E422FBB7EE3008606CB = {
						CreatedOnToolsVersion = 26.5;
					};
					430B8E532FBB7EE4008606CB = {
						CreatedOnToolsVersion = 26.5;
						TestTargetID = 430B8E422FBB7EE3008606CB;
					};
					430B8E5D2FBB7EE4008606CB = {
						CreatedOnToolsVersion = 26.5;
						TestTargetID = 430B8E422FBB7EE3008606CB;
					};
				};
			};
			buildConfigurationList = 430B8E3E2FBB7EE3008606CB /* Build configuration list for PBXProject "nexus" */;
			developmentRegion = en;
			hasScannedForEncodings = 0;
			knownRegions = (
				en,
				Base,
			);
			mainGroup = 430B8E3A2FBB7EE3008606CB;
			minimizedProjectReferenceProxies = 1;
			packageReferences = (
				6F1D2A392FCD000100000001 /* XCLocalSwiftPackageReference "Modules" */,
			);
			preferredProjectObjectVersion = 77;
			productRefGroup = 430B8E442FBB7EE3008606CB /* Products */;
			projectDirPath = "";
			projectRoot = "";
			targets = (
				430B8E422FBB7EE3008606CB /* nexus */,
				430B8E532FBB7EE4008606CB /* nexusTests */,
				430B8E5D2FBB7EE4008606CB /* nexusUITests */,
			);
		};
/* End PBXProject section */

/* Begin PBXResourcesBuildPhase section */
		430B8E412FBB7EE3008606CB /* Resources */ = {
			isa = PBXResourcesBuildPhase;
			buildActionMask = 2147483647;
			files = (
			);
			runOnlyForDeploymentPostprocessing = 0;
		};
		430B8E522FBB7EE4008606CB /* Resources */ = {
			isa = PBXResourcesBuildPhase;
			buildActionMask = 2147483647;
			files = (
			);
			runOnlyForDeploymentPostprocessing = 0;
		};
		430B8E5C2FBB7EE4008606CB /* Resources */ = {
			isa = PBXResourcesBuildPhase;
			buildActionMask = 2147483647;
			files = (
			);
			runOnlyForDeploymentPostprocessing = 0;
		};
/* End PBXResourcesBuildPhase section */

/* Begin PBXSourcesBuildPhase section */
		430B8E3F2FBB7EE3008606CB /* Sources */ = {
			isa = PBXSourcesBuildPhase;
			buildActionMask = 2147483647;
			files = (
			);
			runOnlyForDeploymentPostprocessing = 0;
		};
		430B8E502FBB7EE4008606CB /* Sources */ = {
			isa = PBXSourcesBuildPhase;
			buildActionMask = 2147483647;
			files = (
			);
			runOnlyForDeploymentPostprocessing = 0;
		};
		430B8E5A2FBB7EE4008606CB /* Sources */ = {
			isa = PBXSourcesBuildPhase;
			buildActionMask = 2147483647;
			files = (
			);
			runOnlyForDeploymentPostprocessing = 0;
		};
/* End PBXSourcesBuildPhase section */

/* Begin PBXTargetDependency section */
		430B8E562FBB7EE4008606CB /* PBXTargetDependency */ = {
			isa = PBXTargetDependency;
			target = 430B8E422FBB7EE3008606CB /* nexus */;
			targetProxy = 430B8E552FBB7EE4008606CB /* PBXContainerItemProxy */;
		};
		430B8E602FBB7EE4008606CB /* PBXTargetDependency */ = {
			isa = PBXTargetDependency;
			target = 430B8E422FBB7EE3008606CB /* nexus */;
			targetProxy = 430B8E5F2FBB7EE4008606CB /* PBXContainerItemProxy */;
		};
/* End PBXTargetDependency section */

/* Begin XCBuildConfiguration section */
		430B8E682FBB7EE4008606CB /* Debug */ = {
			isa = XCBuildConfiguration;
			buildSettings = {
				ASSETCATALOG_COMPILER_APPICON_NAME = AppIcon;
				ASSETCATALOG_COMPILER_GLOBAL_ACCENT_COLOR_NAME = AccentColor;
				CODE_SIGN_STYLE = Automatic;
				CURRENT_PROJECT_VERSION = 1;
				DEVELOPMENT_TEAM = "";
				ENABLE_APP_SANDBOX = NO;
				ENABLE_HARDENED_RUNTIME = YES;
				ENABLE_PREVIEWS = YES;
				ENABLE_USER_SELECTED_FILES = readonly;
				GENERATE_INFOPLIST_FILE = YES;
				INFOPLIST_FILE = nexus/Info.plist;
				INFOPLIST_KEY_CFBundleDisplayName = Nexus;
				INFOPLIST_KEY_LSApplicationCategoryType = "public.app-category.developer-tools";
				"INFOPLIST_KEY_UIApplicationSceneManifest_Generation[sdk=iphoneos*]" = YES;
				"INFOPLIST_KEY_UIApplicationSceneManifest_Generation[sdk=iphonesimulator*]" = YES;
				"INFOPLIST_KEY_UIApplicationSupportsIndirectInputEvents[sdk=iphoneos*]" = YES;
				"INFOPLIST_KEY_UIApplicationSupportsIndirectInputEvents[sdk=iphonesimulator*]" = YES;
				"INFOPLIST_KEY_UILaunchScreen_Generation[sdk=iphoneos*]" = YES;
				"INFOPLIST_KEY_UILaunchScreen_Generation[sdk=iphonesimulator*]" = YES;
				"INFOPLIST_KEY_UIStatusBarStyle[sdk=iphoneos*]" = UIStatusBarStyleDefault;
				"INFOPLIST_KEY_UIStatusBarStyle[sdk=iphonesimulator*]" = UIStatusBarStyleDefault;
				INFOPLIST_KEY_UISupportedInterfaceOrientations_iPad = "UIInterfaceOrientationPortrait UIInterfaceOrientationPortraitUpsideDown UIInterfaceOrientationLandscapeLeft UIInterfaceOrientationLandscapeRight";
				INFOPLIST_KEY_UISupportedInterfaceOrientations_iPhone = "UIInterfaceOrientationPortrait UIInterfaceOrientationLandscapeLeft UIInterfaceOrientationLandscapeRight";
				IPHONEOS_DEPLOYMENT_TARGET = 26.5;
				LD_RUNPATH_SEARCH_PATHS = "@executable_path/Frameworks";
				"LD_RUNPATH_SEARCH_PATHS[sdk=macosx*]" = "@executable_path/../Frameworks";
				LM_FORCE_LINK_GENERATION = YES;
				MACOSX_DEPLOYMENT_TARGET = 26.4;
				MARKETING_VERSION = 1.0;
				PRODUCT_BUNDLE_IDENTIFIER = com.chundla.nexus;
				PRODUCT_NAME = "$(TARGET_NAME)";
				REGISTER_APP_GROUPS = YES;
				SDKROOT = auto;
				STRING_CATALOG_GENERATE_SYMBOLS = YES;
				SUPPORTED_PLATFORMS = "iphoneos iphonesimulator macosx xros xrsimulator";
				SWIFT_APPROACHABLE_CONCURRENCY = YES;
				SWIFT_DEFAULT_ACTOR_ISOLATION = MainActor;
				SWIFT_EMIT_LOC_STRINGS = YES;
				SWIFT_UPCOMING_FEATURE_MEMBER_IMPORT_VISIBILITY = YES;
				SWIFT_VERSION = 5.0;
				TARGETED_DEVICE_FAMILY = "1,2,7";
				XROS_DEPLOYMENT_TARGET = 26.5;
			};
			name = Debug;
		};
		430B8E692FBB7EE4008606CB /* Release */ = {
			isa = XCBuildConfiguration;
			buildSettings = {
				ASSETCATALOG_COMPILER_APPICON_NAME = AppIcon;
				ASSETCATALOG_COMPILER_GLOBAL_ACCENT_COLOR_NAME = AccentColor;
				CODE_SIGN_STYLE = Automatic;
				CURRENT_PROJECT_VERSION = 1;
				DEVELOPMENT_TEAM = "";
				ENABLE_APP_SANDBOX = NO;
				ENABLE_HARDENED_RUNTIME = YES;
				ENABLE_PREVIEWS = YES;
				ENABLE_USER_SELECTED_FILES = readonly;
				GENERATE_INFOPLIST_FILE = YES;
				INFOPLIST_FILE = nexus/Info.plist;
				INFOPLIST_KEY_CFBundleDisplayName = Nexus;
				INFOPLIST_KEY_LSApplicationCategoryType = "public.app-category.developer-tools";
				"INFOPLIST_KEY_UIApplicationSceneManifest_Generation[sdk=iphoneos*]" = YES;
				"INFOPLIST_KEY_UIApplicationSceneManifest_Generation[sdk=iphonesimulator*]" = YES;
				"INFOPLIST_KEY_UIApplicationSupportsIndirectInputEvents[sdk=iphoneos*]" = YES;
				"INFOPLIST_KEY_UIApplicationSupportsIndirectInputEvents[sdk=iphonesimulator*]" = YES;
				"INFOPLIST_KEY_UILaunchScreen_Generation[sdk=iphoneos*]" = YES;
				"INFOPLIST_KEY_UILaunchScreen_Generation[sdk=iphonesimulator*]" = YES;
				"INFOPLIST_KEY_UIStatusBarStyle[sdk=iphoneos*]" = UIStatusBarStyleDefault;
				"INFOPLIST_KEY_UIStatusBarStyle[sdk=iphonesimulator*]" = UIStatusBarStyleDefault;
				INFOPLIST_KEY_UISupportedInterfaceOrientations_iPad = "UIInterfaceOrientationPortrait UIInterfaceOrientationPortraitUpsideDown UIInterfaceOrientationLandscapeLeft UIInterfaceOrientationLandscapeRight";
				INFOPLIST_KEY_UISupportedInterfaceOrientations_iPhone = "UIInterfaceOrientationPortrait UIInterfaceOrientationLandscapeLeft UIInterfaceOrientationLandscapeRight";
				IPHONEOS_DEPLOYMENT_TARGET = 26.5;
				LD_RUNPATH_SEARCH_PATHS = "@executable_path/Frameworks";
				"LD_RUNPATH_SEARCH_PATHS[sdk=macosx*]" = "@executable_path/../Frameworks";
				LM_FORCE_LINK_GENERATION = YES;
				MACOSX_DEPLOYMENT_TARGET = 26.4;
				MARKETING_VERSION = 1.0;
				PRODUCT_BUNDLE_IDENTIFIER = com.chundla.nexus;
				PRODUCT_NAME = "$(TARGET_NAME)";
				REGISTER_APP_GROUPS = YES;
				SDKROOT = auto;
				STRING_CATALOG_GENERATE_SYMBOLS = YES;
				SUPPORTED_PLATFORMS = "iphoneos iphonesimulator macosx xros xrsimulator";
				SWIFT_APPROACHABLE_CONCURRENCY = YES;
				SWIFT_DEFAULT_ACTOR_ISOLATION = MainActor;
				SWIFT_EMIT_LOC_STRINGS = YES;
				SWIFT_UPCOMING_FEATURE_MEMBER_IMPORT_VISIBILITY = YES;
				SWIFT_VERSION = 5.0;
				TARGETED_DEVICE_FAMILY = "1,2,7";
				XROS_DEPLOYMENT_TARGET = 26.5;
			};
			name = Release;
		};
		430B8E6A2FBB7EE4008606CB /* Debug */ = {
			isa = XCBuildConfiguration;
			buildSettings = {
				ALWAYS_SEARCH_USER_PATHS = NO;
				ASSETCATALOG_COMPILER_GENERATE_SWIFT_ASSET_SYMBOL_EXTENSIONS = YES;
				CLANG_ANALYZER_NONNULL = YES;
				CLANG_ANALYZER_NUMBER_OBJECT_CONVERSION = YES_AGGRESSIVE;
				CLANG_CXX_LANGUAGE_STANDARD = "gnu++20";
				CLANG_ENABLE_MODULES = YES;
				CLANG_ENABLE_OBJC_ARC = YES;
				CLANG_ENABLE_OBJC_WEAK = YES;
				CLANG_WARN_BLOCK_CAPTURE_AUTORELEASING = YES;
				CLANG_WARN_BOOL_CONVERSION = YES;
				CLANG_WARN_COMMA = YES;
				CLANG_WARN_CONSTANT_CONVERSION = YES;
				CLANG_WARN_DEPRECATED_OBJC_IMPLEMENTATIONS = YES;
				CLANG_WARN_DIRECT_OBJC_ISA_USAGE = YES_ERROR;
				CLANG_WARN_DOCUMENTATION_COMMENTS = YES;
				CLANG_WARN_EMPTY_BODY = YES;
				CLANG_WARN_ENUM_CONVERSION = YES;
				CLANG_WARN_INFINITE_RECURSION = YES;
				CLANG_WARN_INT_CONVERSION = YES;
				CLANG_WARN_NON_LITERAL_NULL_CONVERSION = YES;
				CLANG_WARN_OBJC_IMPLICIT_RETAIN_SELF = YES;
				CLANG_WARN_OBJC_LITERAL_CONVERSION = YES;
				CLANG_WARN_OBJC_ROOT_CLASS = YES_ERROR;
				CLANG_WARN_QUOTED_INCLUDE_IN_FRAMEWORK_HEADER = YES;
				CLANG_WARN_RANGE_LOOP_ANALYSIS = YES;
				CLANG_WARN_STRICT_PROTOTYPES = YES;
				CLANG_WARN_SUSPICIOUS_MOVE = YES;
				CLANG_WARN_UNGUARDED_AVAILABILITY = YES_AGGRESSIVE;
				CLANG_WARN_UNREACHABLE_CODE = YES;
				CLANG_WARN__DUPLICATE_METHOD_MATCH = YES;
				COPY_PHASE_STRIP = NO;
				DEBUG_INFORMATION_FORMAT = dwarf;
				DEVELOPMENT_TEAM = "";
				ENABLE_STRICT_OBJC_MSGSEND = YES;
				ENABLE_TESTABILITY = YES;
				ENABLE_USER_SCRIPT_SANDBOXING = YES;
				GCC_C_LANGUAGE_STANDARD = gnu17;
				GCC_DYNAMIC_NO_PIC = NO;
				GCC_NO_COMMON_BLOCKS = YES;
				GCC_OPTIMIZATION_LEVEL = 0;
				GCC_PREPROCESSOR_DEFINITIONS = (
					"DEBUG=1",
					"$(inherited)",
				);
				GCC_WARN_64_TO_32_BIT_CONVERSION = YES;
				GCC_WARN_ABOUT_RETURN_TYPE = YES_ERROR;
				GCC_WARN_UNDECLARED_SELECTOR = YES;
				GCC_WARN_UNINITIALIZED_AUTOS = YES_AGGRESSIVE;
				GCC_WARN_UNUSED_FUNCTION = YES;
				GCC_WARN_UNUSED_VARIABLE = YES;
				LOCALIZATION_PREFERS_STRING_CATALOGS = YES;
				MTL_ENABLE_DEBUG_INFO = INCLUDE_SOURCE;
				MTL_FAST_MATH = YES;
				ONLY_ACTIVE_ARCH = YES;
				SWIFT_ACTIVE_COMPILATION_CONDITIONS = "DEBUG $(inherited)";
				SWIFT_OPTIMIZATION_LEVEL = "-Onone";
			};
			name = Debug;
		};
		430B8E6B2FBB7EE4008606CB /* Release */ = {
			isa = XCBuildConfiguration;
			buildSettings = {
				ALWAYS_SEARCH_USER_PATHS = NO;
				ASSETCATALOG_COMPILER_GENERATE_SWIFT_ASSET_SYMBOL_EXTENSIONS = YES;
				CLANG_ANALYZER_NONNULL = YES;
				CLANG_ANALYZER_NUMBER_OBJECT_CONVERSION = YES_AGGRESSIVE;
				CLANG_CXX_LANGUAGE_STANDARD = "gnu++20";
				CLANG_ENABLE_MODULES = YES;
				CLANG_ENABLE_OBJC_ARC = YES;
				CLANG_ENABLE_OBJC_WEAK = YES;
				CLANG_WARN_BLOCK_CAPTURE_AUTORELEASING = YES;
				CLANG_WARN_BOOL_CONVERSION = YES;
				CLANG_WARN_COMMA = YES;
				CLANG_WARN_CONSTANT_CONVERSION = YES;
				CLANG_WARN_DEPRECATED_OBJC_IMPLEMENTATIONS = YES;
				CLANG_WARN_DIRECT_OBJC_ISA_USAGE = YES_ERROR;
				CLANG_WARN_DOCUMENTATION_COMMENTS = YES;
				CLANG_WARN_EMPTY_BODY = YES;
				CLANG_WARN_ENUM_CONVERSION = YES;
				CLANG_WARN_INFINITE_RECURSION = YES;
				CLANG_WARN_INT_CONVERSION = YES;
				CLANG_WARN_NON_LITERAL_NULL_CONVERSION = YES;
				CLANG_WARN_OBJC_IMPLICIT_RETAIN_SELF = YES;
				CLANG_WARN_OBJC_LITERAL_CONVERSION = YES;
				CLANG_WARN_OBJC_ROOT_CLASS = YES_ERROR;
				CLANG_WARN_QUOTED_INCLUDE_IN_FRAMEWORK_HEADER = YES;
				CLANG_WARN_RANGE_LOOP_ANALYSIS = YES;
				CLANG_WARN_STRICT_PROTOTYPES = YES;
				CLANG_WARN_SUSPICIOUS_MOVE = YES;
				CLANG_WARN_UNGUARDED_AVAILABILITY = YES_AGGRESSIVE;
				CLANG_WARN_UNREACHABLE_CODE = YES;
				CLANG_WARN__DUPLICATE_METHOD_MATCH = YES;
				COPY_PHASE_STRIP = NO;
				DEBUG_INFORMATION_FORMAT = "dwarf-with-dsym";
				DEVELOPMENT_TEAM = "";
				ENABLE_NS_ASSERTIONS = NO;
				ENABLE_STRICT_OBJC_MSGSEND = YES;
				ENABLE_USER_SCRIPT_SANDBOXING = YES;
				GCC_C_LANGUAGE_STANDARD = gnu17;
				GCC_NO_COMMON_BLOCKS = YES;
				GCC_WARN_64_TO_32_BIT_CONVERSION = YES;
				GCC_WARN_ABOUT_RETURN_TYPE = YES_ERROR;
				GCC_WARN_UNDECLARED_SELECTOR = YES;
				GCC_WARN_UNINITIALIZED_AUTOS = YES_AGGRESSIVE;
				GCC_WARN_UNUSED_FUNCTION = YES;
				GCC_WARN_UNUSED_VARIABLE = YES;
				LOCALIZATION_PREFERS_STRING_CATALOGS = YES;
				MTL_ENABLE_DEBUG_INFO = NO;
				MTL_FAST_MATH = YES;
				SWIFT_COMPILATION_MODE = wholemodule;
			};
			name = Release;
		};
		430B8E6D2FBB7EE4008606CB /* Debug */ = {
			isa = XCBuildConfiguration;
			buildSettings = {
				BUNDLE_LOADER = "$(TEST_HOST)";
				CODE_SIGN_STYLE = Automatic;
				CURRENT_PROJECT_VERSION = 1;
				DEVELOPMENT_TEAM = "";
				GENERATE_INFOPLIST_FILE = YES;
				IPHONEOS_DEPLOYMENT_TARGET = 26.5;
				MACOSX_DEPLOYMENT_TARGET = 26.4;
				MARKETING_VERSION = 1.0;
				PRODUCT_BUNDLE_IDENTIFIER = com.chundla.nexusTests;
				PRODUCT_NAME = "$(TARGET_NAME)";
				SDKROOT = auto;
				STRING_CATALOG_GENERATE_SYMBOLS = NO;
				SUPPORTED_PLATFORMS = "iphoneos iphonesimulator macosx xros xrsimulator";
				SWIFT_APPROACHABLE_CONCURRENCY = YES;
				SWIFT_EMIT_LOC_STRINGS = NO;
				SWIFT_UPCOMING_FEATURE_MEMBER_IMPORT_VISIBILITY = YES;
				SWIFT_VERSION = 5.0;
				TARGETED_DEVICE_FAMILY = "1,2,7";
				TEST_HOST = "$(BUILT_PRODUCTS_DIR)/nexus.app/$(BUNDLE_EXECUTABLE_FOLDER_PATH)/nexus";
				XROS_DEPLOYMENT_TARGET = 26.5;
			};
			name = Debug;
		};
		430B8E6E2FBB7EE4008606CB /* Release */ = {
			isa = XCBuildConfiguration;
			buildSettings = {
				BUNDLE_LOADER = "$(TEST_HOST)";
				CODE_SIGN_STYLE = Automatic;
				CURRENT_PROJECT_VERSION = 1;
				DEVELOPMENT_TEAM = "";
				GENERATE_INFOPLIST_FILE = YES;
				IPHONEOS_DEPLOYMENT_TARGET = 26.5;
				MACOSX_DEPLOYMENT_TARGET = 26.4;
				MARKETING_VERSION = 1.0;
				PRODUCT_BUNDLE_IDENTIFIER = com.chundla.nexusTests;
				PRODUCT_NAME = "$(TARGET_NAME)";
				SDKROOT = auto;
				STRING_CATALOG_GENERATE_SYMBOLS = NO;
				SUPPORTED_PLATFORMS = "iphoneos iphonesimulator macosx xros xrsimulator";
				SWIFT_APPROACHABLE_CONCURRENCY = YES;
				SWIFT_EMIT_LOC_STRINGS = NO;
				SWIFT_UPCOMING_FEATURE_MEMBER_IMPORT_VISIBILITY = YES;
				SWIFT_VERSION = 5.0;
				TARGETED_DEVICE_FAMILY = "1,2,7";
				TEST_HOST = "$(BUILT_PRODUCTS_DIR)/nexus.app/$(BUNDLE_EXECUTABLE_FOLDER_PATH)/nexus";
				XROS_DEPLOYMENT_TARGET = 26.5;
			};
			name = Release;
		};
		430B8E702FBB7EE4008606CB /* Debug */ = {
			isa = XCBuildConfiguration;
			buildSettings = {
				CODE_SIGN_STYLE = Automatic;
				CURRENT_PROJECT_VERSION = 1;
				DEVELOPMENT_TEAM = "";
				GENERATE_INFOPLIST_FILE = YES;
				IPHONEOS_DEPLOYMENT_TARGET = 26.5;
				MACOSX_DEPLOYMENT_TARGET = 26.4;
				MARKETING_VERSION = 1.0;
				PRODUCT_BUNDLE_IDENTIFIER = com.chundla.nexusUITests;
				PRODUCT_NAME = "$(TARGET_NAME)";
				SDKROOT = auto;
				STRING_CATALOG_GENERATE_SYMBOLS = NO;
				SUPPORTED_PLATFORMS = "iphoneos iphonesimulator macosx xros xrsimulator";
				SWIFT_APPROACHABLE_CONCURRENCY = YES;
				SWIFT_EMIT_LOC_STRINGS = NO;
				SWIFT_UPCOMING_FEATURE_MEMBER_IMPORT_VISIBILITY = YES;
				SWIFT_VERSION = 5.0;
				TARGETED_DEVICE_FAMILY = "1,2,7";
				TEST_TARGET_NAME = nexus;
				XROS_DEPLOYMENT_TARGET = 26.5;
			};
			name = Debug;
		};
		430B8E712FBB7EE4008606CB /* Release */ = {
			isa = XCBuildConfiguration;
			buildSettings = {
				CODE_SIGN_STYLE = Automatic;
				CURRENT_PROJECT_VERSION = 1;
				DEVELOPMENT_TEAM = "";
				GENERATE_INFOPLIST_FILE = YES;
				IPHONEOS_DEPLOYMENT_TARGET = 26.5;
				MACOSX_DEPLOYMENT_TARGET = 26.4;
				MARKETING_VERSION = 1.0;
				PRODUCT_BUNDLE_IDENTIFIER = com.chundla.nexusUITests;
				PRODUCT_NAME = "$(TARGET_NAME)";
				SDKROOT = auto;
				STRING_CATALOG_GENERATE_SYMBOLS = NO;
				SUPPORTED_PLATFORMS = "iphoneos iphonesimulator macosx xros xrsimulator";
				SWIFT_APPROACHABLE_CONCURRENCY = YES;
				SWIFT_EMIT_LOC_STRINGS = NO;
				SWIFT_UPCOMING_FEATURE_MEMBER_IMPORT_VISIBILITY = YES;
				SWIFT_VERSION = 5.0;
				TARGETED_DEVICE_FAMILY = "1,2,7";
				TEST_TARGET_NAME = nexus;
				XROS_DEPLOYMENT_TARGET = 26.5;
			};
			name = Release;
		};
/* End XCBuildConfiguration section */

/* Begin XCConfigurationList section */
		430B8E3E2FBB7EE3008606CB /* Build configuration list for PBXProject "nexus" */ = {
			isa = XCConfigurationList;
			buildConfigurations = (
				430B8E6A2FBB7EE4008606CB /* Debug */,
				430B8E6B2FBB7EE4008606CB /* Release */,
			);
			defaultConfigurationIsVisible = 0;
			defaultConfigurationName = Release;
		};
		430B8E672FBB7EE4008606CB /* Build configuration list for PBXNativeTarget "nexus" */ = {
			isa = XCConfigurationList;
			buildConfigurations = (
				430B8E682FBB7EE4008606CB /* Debug */,
				430B8E692FBB7EE4008606CB /* Release */,
			);
			defaultConfigurationIsVisible = 0;
			defaultConfigurationName = Release;
		};
		430B8E6C2FBB7EE4008606CB /* Build configuration list for PBXNativeTarget "nexusTests" */ = {
			isa = XCConfigurationList;
			buildConfigurations = (
				430B8E6D2FBB7EE4008606CB /* Debug */,
				430B8E6E2FBB7EE4008606CB /* Release */,
			);
			defaultConfigurationIsVisible = 0;
			defaultConfigurationName = Release;
		};
		430B8E6F2FBB7EE4008606CB /* Build configuration list for PBXNativeTarget "nexusUITests" */ = {
			isa = XCConfigurationList;
			buildConfigurations = (
				430B8E702FBB7EE4008606CB /* Debug */,
				430B8E712FBB7EE4008606CB /* Release */,
			);
			defaultConfigurationIsVisible = 0;
			defaultConfigurationName = Release;
		};
/* End XCConfigurationList section */

/* Begin XCLocalSwiftPackageReference section */
		6F1D2A392FCD000100000001 /* XCLocalSwiftPackageReference "Modules" */ = {
			isa = XCLocalSwiftPackageReference;
			relativePath = Modules;
		};
/* End XCLocalSwiftPackageReference section */

/* Begin XCSwiftPackageProductDependency section */
		6F1D2A382FCD000100000001 /* NexusDomain */ = {
			isa = XCSwiftPackageProductDependency;
			package = 6F1D2A392FCD000100000001 /* XCLocalSwiftPackageReference "Modules" */;
			productName = NexusDomain;
		};
		6F1D2A3C2FCD000100000001 /* NexusIPC */ = {
			isa = XCSwiftPackageProductDependency;
			package = 6F1D2A392FCD000100000001 /* XCLocalSwiftPackageReference "Modules" */;
			productName = NexusIPC;
		};
		6F1D2A3E2FCD000100000001 /* NexusService */ = {
			isa = XCSwiftPackageProductDependency;
			package = 6F1D2A392FCD000100000001 /* XCLocalSwiftPackageReference "Modules" */;
			productName = NexusService;
		};
		6F1D2A712FCD000100000001 /* NexusSessionPresentation */ = {
			isa = XCSwiftPackageProductDependency;
			package = 6F1D2A392FCD000100000001 /* XCLocalSwiftPackageReference "Modules" */;
			productName = NexusSessionPresentation;
		};
/* End XCSwiftPackageProductDependency section */
	};
	rootObject = 430B8E3B2FBB7EE3008606CB /* Project object */;
}
